
Microsoft Visual Studio Solution File, Format Version 12.00
# Visual Studio Version 16
VisualStudioVersion = 16.0.30621.155
MinimumVisualStudioVersion = 10.0.40219.1
Project("{FAE04EC0-301F-11D3-BF4B-00C04F79EFBC}") = "Project16", "Project16.csproj", "{E49282CB-7FC7-4CA1-88EC-88ACAB5FEC64}"
EndProject
Global
	GlobalSection(SolutionConfigurationPlatforms) = preSolution
		Debug|Any CPU = Debug|Any CPU
		Release|Any CPU = Release|Any CPU
	EndGlobalSection
	GlobalSection(ProjectConfigurationPlatforms) = postSolution
		{E49282CB-7FC7-4CA1-88EC-88ACAB5FEC64}.Debug|Any CPU.ActiveCfg = Debug|Any CPU
		{E49282CB-7FC7-4CA1-88EC-88ACAB5FEC64}.Debug|Any CPU.Build.0 = Debug|Any CPU
		{E49282CB-7FC7-4CA1-88EC-88ACAB5FEC64}.Release|Any CPU.ActiveCfg = Release|Any CPU
		{E49282CB-7FC7-4CA1-88EC-88ACAB5FEC64}.Release|Any CPU.Build.0 = Release|Any CPU
	EndGlobalSection
	GlobalSection(SolutionProperties) = preSolution
		HideSolutionNode = FALSE
	EndGlobalSection
	GlobalSection(ExtensibilityGlobals) = postSolution
		SolutionGuid = {022C53A3-3B4A-4A4D-B495-576D919B9C8E}
	EndGlobalSection
EndGlobal
